
Microsoft Visual Studio Solution File, Format Version 12.00
# Visual Studio Version 16
VisualStudioVersion = 16.0.28729.10
MinimumVisualStudioVersion = 10.0.40219.1
Project("{FAE04EC0-301F-11D3-BF4B-00C04F79EFBC}") = "ABC124", "ABC124\ABC124.csproj", "{C199CEDD-16FA-43FC-B6DF-87BA73EE7B38}"
EndProject
Project("{FAE04EC0-301F-11D3-BF4B-00C04F79EFBC}") = "ABC123", "ABC123\ABC123.csproj", "{4DDA5051-3027-440F-8C2B-8D934BDB3F75}"
EndProject
Project("{FAE04EC0-301F-11D3-BF4B-00C04F79EFBC}") = "ABC122", "ABC122\ABC122.csproj", "{31C291DA-F419-46E6-B503-FCE39BF4B3A3}"
EndProject
Project("{FAE04EC0-301F-11D3-BF4B-00C04F79EFBC}") = "ABC121", "ABC121\ABC121.csproj", "{9F483242-A1B2-4BD7-8FA7-092AE48DDA8C}"
EndProject
Project("{FAE04EC0-301F-11D3-BF4B-00C04F79EFBC}") = "ABC120", "ABC120\ABC120.csproj", "{136817E9-5F6A-4B43-B752-343CED212F4D}"
EndProject
Project("{FAE04EC0-301F-11D3-BF4B-00C04F79EFBC}") = "ABC119", "ABC119\ABC119.csproj", "{AABC2BA5-C69E-4C25-ACD0-8BDE5EAEC275}"
EndProject
Project("{FAE04EC0-301F-11D3-BF4B-00C04F79EFBC}") = "ABC118", "ABC118\ABC118.csproj", "{FB0D2B76-322B-4260-ACAD-054BA8F2AC16}"
EndProject
Project("{FAE04EC0-301F-11D3-BF4B-00C04F79EFBC}") = "ABC117", "ABC117\ABC117.csproj", "{50C88F48-4755-4004-9C7D-5B2757791B0F}"
EndProject
Project("{FAE04EC0-301F-11D3-BF4B-00C04F79EFBC}") = "ABC116", "ABC116\ABC116.csproj", "{C175EAF3-14C0-457B-B038-7637DF1BF2B2}"
EndProject
Project("{FAE04EC0-301F-11D3-BF4B-00C04F79EFBC}") = "ABC115", "ABC115\ABC115.csproj", "{0526566A-641E-44A7-B45A-9971DEA0403F}"
EndProject
Project("{FAE04EC0-301F-11D3-BF4B-00C04F79EFBC}") = "ABC113", "ABC113\ABC113.csproj", "{888F1196-2F51-45EB-89C6-4BFDCCBB2C94}"
EndProject
Global
	GlobalSection(SolutionConfigurationPlatforms) = preSolution
		Debug|Any CPU = Debug|Any CPU
		Release|Any CPU = Release|Any CPU
	EndGlobalSection
	GlobalSection(ProjectConfigurationPlatforms) = postSolution
		{C199CEDD-16FA-43FC-B6DF-87BA73EE7B38}.Debug|Any CPU.ActiveCfg = Debug|Any CPU
		{C199CEDD-16FA-43FC-B6DF-87BA73EE7B38}.Debug|Any CPU.Build.0 = Debug|Any CPU
		{C199CEDD-16FA-43FC-B6DF-87BA73EE7B38}.Release|Any CPU.ActiveCfg = Release|Any CPU
		{C199CEDD-16FA-43FC-B6DF-87BA73EE7B38}.Release|Any CPU.Build.0 = Release|Any CPU
		{4DDA5051-3027-440F-8C2B-8D934BDB3F75}.Debug|Any CPU.ActiveCfg = Debug|Any CPU
		{4DDA5051-3027-440F-8C2B-8D934BDB3F75}.Debug|Any CPU.Build.0 = Debug|Any CPU
		{4DDA5051-3027-440F-8C2B-8D934BDB3F75}.Release|Any CPU.ActiveCfg = Release|Any CPU
		{4DDA5051-3027-440F-8C2B-8D934BDB3F75}.Release|Any CPU.Build.0 = Release|Any CPU
		{31C291DA-F419-46E6-B503-FCE39BF4B3A3}.Debug|Any CPU.ActiveCfg = Debug|Any CPU
		{31C291DA-F419-46E6-B503-FCE39BF4B3A3}.Debug|Any CPU.Build.0 = Debug|Any CPU
		{31C291DA-F419-46E6-B503-FCE39BF4B3A3}.Release|Any CPU.ActiveCfg = Release|Any CPU
		{31C291DA-F419-46E6-B503-FCE39BF4B3A3}.Release|Any CPU.Build.0 = Release|Any CPU
		{9F483242-A1B2-4BD7-8FA7-092AE48DDA8C}.Debug|Any CPU.ActiveCfg = Debug|Any CPU
		{9F483242-A1B2-4BD7-8FA7-092AE48DDA8C}.Debug|Any CPU.Build.0 = Debug|Any CPU
		{9F483242-A1B2-4BD7-8FA7-092AE48DDA8C}.Release|Any CPU.ActiveCfg = Release|Any CPU
		{9F483242-A1B2-4BD7-8FA7-092AE48DDA8C}.Release|Any CPU.Build.0 = Release|Any CPU
		{136817E9-5F6A-4B43-B752-343CED212F4D}.Debug|Any CPU.ActiveCfg = Debug|Any CPU
		{136817E9-5F6A-4B43-B752-343CED212F4D}.Debug|Any CPU.Build.0 = Debug|Any CPU
		{136817E9-5F6A-4B43-B752-343CED212F4D}.Release|Any CPU.ActiveCfg = Release|Any CPU
		{136817E9-5F6A-4B43-B752-343CED212F4D}.Release|Any CPU.Build.0 = Release|Any CPU
		{AABC2BA5-C69E-4C25-ACD0-8BDE5EAEC275}.Debug|Any CPU.ActiveCfg = Debug|Any CPU
		{AABC2BA5-C69E-4C25-ACD0-8BDE5EAEC275}.Debug|Any CPU.Build.0 = Debug|Any CPU
		{AABC2BA5-C69E-4C25-ACD0-8BDE5EAEC275}.Release|Any CPU.ActiveCfg = Release|Any CPU
		{AABC2BA5-C69E-4C25-ACD0-8BDE5EAEC275}.Release|Any CPU.Build.0 = Release|Any CPU
		{FB0D2B76-322B-4260-ACAD-054BA8F2AC16}.Debug|Any CPU.ActiveCfg = Debug|Any CPU
		{FB0D2B76-322B-4260-ACAD-054BA8F2AC16}.Debug|Any CPU.Build.0 = Debug|Any CPU
		{FB0D2B76-322B-4260-ACAD-054BA8F2AC16}.Release|Any CPU.ActiveCfg = Release|Any CPU
		{FB0D2B76-322B-4260-ACAD-054BA8F2AC16}.Release|Any CPU.Build.0 = Release|Any CPU
		{50C88F48-4755-4004-9C7D-5B2757791B0F}.Debug|Any CPU.ActiveCfg = Debug|Any CPU
		{50C88F48-4755-4004-9C7D-5B2757791B0F}.Debug|Any CPU.Build.0 = Debug|Any CPU
		{50C88F48-4755-4004-9C7D-5B2757791B0F}.Release|Any CPU.ActiveCfg = Release|Any CPU
		{50C88F48-4755-4004-9C7D-5B2757791B0F}.Release|Any CPU.Build.0 = Release|Any CPU
		{C175EAF3-14C0-457B-B038-7637DF1BF2B2}.Debug|Any CPU.ActiveCfg = Debug|Any CPU
		{C175EAF3-14C0-457B-B038-7637DF1BF2B2}.Debug|Any CPU.Build.0 = Debug|Any CPU
		{C175EAF3-14C0-457B-B038-7637DF1BF2B2}.Release|Any CPU.ActiveCfg = Release|Any CPU
		{C175EAF3-14C0-457B-B038-7637DF1BF2B2}.Release|Any CPU.Build.0 = Release|Any CPU
		{0526566A-641E-44A7-B45A-9971DEA0403F}.Debug|Any CPU.ActiveCfg = Debug|Any CPU
		{0526566A-641E-44A7-B45A-9971DEA0403F}.Debug|Any CPU.Build.0 = Debug|Any CPU
		{0526566A-641E-44A7-B45A-9971DEA0403F}.Release|Any CPU.ActiveCfg = Release|Any CPU
		{0526566A-641E-44A7-B45A-9971DEA0403F}.Release|Any CPU.Build.0 = Release|Any CPU
		{888F1196-2F51-45EB-89C6-4BFDCCBB2C94}.Debug|Any CPU.ActiveCfg = Debug|Any CPU
		{888F1196-2F51-45EB-89C6-4BFDCCBB2C94}.Debug|Any CPU.Build.0 = Debug|Any CPU
		{888F1196-2F51-45EB-89C6-4BFDCCBB2C94}.Release|Any CPU.ActiveCfg = Release|Any CPU
		{888F1196-2F51-45EB-89C6-4BFDCCBB2C94}.Release|Any CPU.Build.0 = Release|Any CPU
	EndGlobalSection
	GlobalSection(SolutionProperties) = preSolution
		HideSolutionNode = FALSE
	EndGlobalSection
	GlobalSection(ExtensibilityGlobals) = postSolution
		SolutionGuid = {7B388590-14EA-40CB-BDA7-B1E578EF1A98}
	EndGlobalSection
EndGlobal
