
Microsoft Visual Studio Solution File, Format Version 12.00
# Visual Studio Version 16
VisualStudioVersion = 16.0.29728.190
MinimumVisualStudioVersion = 10.0.40219.1
Project("{FAE04EC0-301F-11D3-BF4B-00C04F79EFBC}") = "ABC124", "ABC124\ABC124.csproj", "{C199CEDD-16FA-43FC-B6DF-87BA73EE7B38}"
EndProject
Project("{FAE04EC0-301F-11D3-BF4B-00C04F79EFBC}") = "ABC123", "ABC123\ABC123.csproj", "{4DDA5051-3027-440F-8C2B-8D934BDB3F75}"
EndProject
Project("{FAE04EC0-301F-11D3-BF4B-00C04F79EFBC}") = "ABC122", "ABC122\ABC122.csproj", "{31C291DA-F419-46E6-B503-FCE39BF4B3A3}"
EndProject
Project("{FAE04EC0-301F-11D3-BF4B-00C04F79EFBC}") = "ABC121", "ABC121\ABC121.csproj", "{9F483242-A1B2-4BD7-8FA7-092AE48DDA8C}"
EndProject
Project("{FAE04EC0-301F-11D3-BF4B-00C04F79EFBC}") = "ABC120", "ABC120\ABC120.csproj", "{136817E9-5F6A-4B43-B752-343CED212F4D}"
EndProject
Project("{FAE04EC0-301F-11D3-BF4B-00C04F79EFBC}") = "ABC119", "ABC119\ABC119.csproj", "{AABC2BA5-C69E-4C25-ACD0-8BDE5EAEC275}"
EndProject
Project("{FAE04EC0-301F-11D3-BF4B-00C04F79EFBC}") = "ABC118", "ABC118\ABC118.csproj", "{FB0D2B76-322B-4260-ACAD-054BA8F2AC16}"
EndProject
Project("{FAE04EC0-301F-11D3-BF4B-00C04F79EFBC}") = "ABC117", "ABC117\ABC117.csproj", "{50C88F48-4755-4004-9C7D-5B2757791B0F}"
EndProject
Project("{FAE04EC0-301F-11D3-BF4B-00C04F79EFBC}") = "ABC116", "ABC116\ABC116.csproj", "{C175EAF3-14C0-457B-B038-7637DF1BF2B2}"
EndProject
Project("{FAE04EC0-301F-11D3-BF4B-00C04F79EFBC}") = "ABC115", "ABC115\ABC115.csproj", "{0526566A-641E-44A7-B45A-9971DEA0403F}"
EndProject
Project("{FAE04EC0-301F-11D3-BF4B-00C04F79EFBC}") = "ABC113", "ABC113\ABC113.csproj", "{888F1196-2F51-45EB-89C6-4BFDCCBB2C94}"
EndProject
Project("{FAE04EC0-301F-11D3-BF4B-00C04F79EFBC}") = "ABC114", "ABC114\ABC114.csproj", "{153E00A6-46EB-4175-8C87-6E2DF36B36F8}"
EndProject
Project("{FAE04EC0-301F-11D3-BF4B-00C04F79EFBC}") = "ABC112", "ABC112\ABC112.csproj", "{1B0CC895-3261-443E-9C76-256DF43713BB}"
EndProject
Project("{FAE04EC0-301F-11D3-BF4B-00C04F79EFBC}") = "ABC111", "ABC111\ABC111.csproj", "{9346474F-3E20-4BAB-95C0-2BAB4135C584}"
EndProject
Project("{FAE04EC0-301F-11D3-BF4B-00C04F79EFBC}") = "ABC126", "ABC126\ABC126.csproj", "{1B8AACD4-DC46-4AB2-86FD-B97FDD8C0B12}"
EndProject
Project("{FAE04EC0-301F-11D3-BF4B-00C04F79EFBC}") = "ABC127", "ABC127\ABC127.csproj", "{447BF218-7E05-4DF0-B8B2-B1B4468DB3E8}"
EndProject
Project("{FAE04EC0-301F-11D3-BF4B-00C04F79EFBC}") = "ABC128", "ABC128\ABC128.csproj", "{E8767168-AD6B-4D63-AFEB-9CA12E3E0D14}"
EndProject
Project("{FAE04EC0-301F-11D3-BF4B-00C04F79EFBC}") = "ABC110", "ABC110\ABC110.csproj", "{C5E3A6B0-0DF6-4A4F-8929-41716C8E7F16}"
EndProject
Project("{FAE04EC0-301F-11D3-BF4B-00C04F79EFBC}") = "ABC109", "ABC109\ABC109.csproj", "{21F09CCA-55E3-45AC-BBE6-CC2A9B0EE7A2}"
EndProject
Project("{FAE04EC0-301F-11D3-BF4B-00C04F79EFBC}") = "ABC152", "ABC152\ABC152.csproj", "{CE2F43E0-C836-4DEB-91D4-0C27583FA27E}"
EndProject
Project("{9A19103F-16F7-4668-BE54-9A1E7A4F7556}") = "ABC001", "ABC001\ABC001.csproj", "{88A0CA7E-6D39-400B-864B-BF586400F0D1}"
EndProject
Project("{9A19103F-16F7-4668-BE54-9A1E7A4F7556}") = "ABC002", "ABC002\ABC002.csproj", "{34A8F1C6-1D8A-4A5A-A100-94D99725F2FB}"
EndProject
Project("{9A19103F-16F7-4668-BE54-9A1E7A4F7556}") = "ABC153", "ABC153\ABC153.csproj", "{9044B0BC-FF40-4E1F-AF33-1C5CA0F61AF7}"
EndProject
Project("{9A19103F-16F7-4668-BE54-9A1E7A4F7556}") = "DPMatome", "DPMatome\DPMatome.csproj", "{C9EC8857-72D3-4190-A424-BAAFD9B98C9E}"
EndProject
Project("{9A19103F-16F7-4668-BE54-9A1E7A4F7556}") = "UnitTest", "UnitTest\UnitTest.csproj", "{BD2919EB-45ED-44DE-86F4-15BCC636EB04}"
EndProject
Project("{9A19103F-16F7-4668-BE54-9A1E7A4F7556}") = "ABC108", "ABC108\ABC108.csproj", "{3CB4FF02-57F5-4814-B703-49F4AD8F8EB4}"
EndProject
Project("{9A19103F-16F7-4668-BE54-9A1E7A4F7556}") = "ABC107", "ABC107\ABC107.csproj", "{A1746D25-6C2E-43CC-84C5-99566EC3A6A2}"
EndProject
Project("{9A19103F-16F7-4668-BE54-9A1E7A4F7556}") = "ABC106", "ABC106\ABC106.csproj", "{3F782CC7-ECEA-4711-9431-1C7637CF9952}"
EndProject
Project("{9A19103F-16F7-4668-BE54-9A1E7A4F7556}") = "ABC105", "ABC105\ABC105.csproj", "{76CD8F45-FCDD-42D6-ADE8-F03A86FD16D3}"
EndProject
Project("{9A19103F-16F7-4668-BE54-9A1E7A4F7556}") = "ABC104", "ABC104\ABC104.csproj", "{A05DF2E8-C090-4E3D-B8E2-9133A672A901}"
EndProject
Project("{9A19103F-16F7-4668-BE54-9A1E7A4F7556}") = "ABC103", "ABC103\ABC103.csproj", "{985F6AEA-0805-4E81-A9B4-B9B506E25012}"
EndProject
Project("{9A19103F-16F7-4668-BE54-9A1E7A4F7556}") = "ABC102", "ABC102\ABC102.csproj", "{42719252-2DC0-4B42-9415-FCB3B7DE29C3}"
EndProject
Project("{9A19103F-16F7-4668-BE54-9A1E7A4F7556}") = "ABC101", "ABC101\ABC101.csproj", "{C6F4455B-6FE7-4319-8D00-AA277308A10F}"
EndProject
Project("{9A19103F-16F7-4668-BE54-9A1E7A4F7556}") = "ABC100", "ABC100\ABC100.csproj", "{9C848BE4-AF2D-4D9C-B8DA-5C3F72203D97}"
EndProject
Project("{9A19103F-16F7-4668-BE54-9A1E7A4F7556}") = "Scratch", "Scratch\Scratch.csproj", "{CE5C47CA-7DFD-419A-8CCD-CA3A42CD8D2F}"
EndProject
Project("{9A19103F-16F7-4668-BE54-9A1E7A4F7556}") = "ABC129", "ABC129\ABC129.csproj", "{3BA83FCD-36CA-4BFA-82C4-D1B9A2FC611F}"
EndProject
Project("{9A19103F-16F7-4668-BE54-9A1E7A4F7556}") = "ABC130", "ABC130\ABC130.csproj", "{639D7F5A-752B-4529-B443-884BA409E678}"
EndProject
Project("{9A19103F-16F7-4668-BE54-9A1E7A4F7556}") = "ABC131", "ABC131\ABC131.csproj", "{429A70FB-1D03-4A6E-91CE-1179DF8661A4}"
EndProject
Project("{9A19103F-16F7-4668-BE54-9A1E7A4F7556}") = "ABC132", "ABC132\ABC132.csproj", "{89BAFCC9-CCAD-4C66-9498-5CE002B59661}"
EndProject
Project("{9A19103F-16F7-4668-BE54-9A1E7A4F7556}") = "ABC133", "ABC133\ABC133.csproj", "{784D9421-8433-46EC-BC8A-8D5EB0B58CFA}"
EndProject
Project("{9A19103F-16F7-4668-BE54-9A1E7A4F7556}") = "ABC134", "ABC134\ABC134.csproj", "{F0B7AA9B-C350-421A-AB70-5AFCBE5D7946}"
EndProject
Project("{9A19103F-16F7-4668-BE54-9A1E7A4F7556}") = "ABC135", "ABC135\ABC135.csproj", "{C1E9F91B-8C97-4A99-BB9A-748B0EA604F5}"
EndProject
Project("{9A19103F-16F7-4668-BE54-9A1E7A4F7556}") = "ABC136", "ABC136\ABC136.csproj", "{77DAAF8F-C9DF-4DAA-9F91-0EA47D4A19D1}"
EndProject
Project("{9A19103F-16F7-4668-BE54-9A1E7A4F7556}") = "ABC137", "ABC137\ABC137.csproj", "{6BEF86A5-E927-42CF-BDB0-8CF09F51977A}"
EndProject
Project("{9A19103F-16F7-4668-BE54-9A1E7A4F7556}") = "ABC138", "ABC138\ABC138.csproj", "{EC97BE50-7393-4389-9E71-E8456F7CB3E8}"
EndProject
Project("{9A19103F-16F7-4668-BE54-9A1E7A4F7556}") = "ABC139", "ABC139\ABC139.csproj", "{66F54230-4BC1-4C66-AB41-3D336432C3E2}"
EndProject
Project("{9A19103F-16F7-4668-BE54-9A1E7A4F7556}") = "ABC140", "ABC140\ABC140.csproj", "{D654C27E-B84D-46AA-A2D4-7892B800531F}"
EndProject
Project("{9A19103F-16F7-4668-BE54-9A1E7A4F7556}") = "ABC154", "ABC154\ABC154.csproj", "{D5DF2A7A-500B-4C8A-B968-68770457E3DC}"
EndProject
Project("{FAE04EC0-301F-11D3-BF4B-00C04F79EFBC}") = "Lib", "Lib\Lib.csproj", "{67E9D0F2-FF3E-410C-BAF9-46982F9B4C21}"
EndProject
Global
	GlobalSection(SolutionConfigurationPlatforms) = preSolution
		Debug|Any CPU = Debug|Any CPU
		Release|Any CPU = Release|Any CPU
	EndGlobalSection
	GlobalSection(ProjectConfigurationPlatforms) = postSolution
		{C199CEDD-16FA-43FC-B6DF-87BA73EE7B38}.Debug|Any CPU.ActiveCfg = Debug|Any CPU
		{C199CEDD-16FA-43FC-B6DF-87BA73EE7B38}.Debug|Any CPU.Build.0 = Debug|Any CPU
		{C199CEDD-16FA-43FC-B6DF-87BA73EE7B38}.Release|Any CPU.ActiveCfg = Release|Any CPU
		{C199CEDD-16FA-43FC-B6DF-87BA73EE7B38}.Release|Any CPU.Build.0 = Release|Any CPU
		{4DDA5051-3027-440F-8C2B-8D934BDB3F75}.Debug|Any CPU.ActiveCfg = Debug|Any CPU
		{4DDA5051-3027-440F-8C2B-8D934BDB3F75}.Debug|Any CPU.Build.0 = Debug|Any CPU
		{4DDA5051-3027-440F-8C2B-8D934BDB3F75}.Release|Any CPU.ActiveCfg = Release|Any CPU
		{4DDA5051-3027-440F-8C2B-8D934BDB3F75}.Release|Any CPU.Build.0 = Release|Any CPU
		{31C291DA-F419-46E6-B503-FCE39BF4B3A3}.Debug|Any CPU.ActiveCfg = Debug|Any CPU
		{31C291DA-F419-46E6-B503-FCE39BF4B3A3}.Debug|Any CPU.Build.0 = Debug|Any CPU
		{31C291DA-F419-46E6-B503-FCE39BF4B3A3}.Release|Any CPU.ActiveCfg = Release|Any CPU
		{31C291DA-F419-46E6-B503-FCE39BF4B3A3}.Release|Any CPU.Build.0 = Release|Any CPU
		{9F483242-A1B2-4BD7-8FA7-092AE48DDA8C}.Debug|Any CPU.ActiveCfg = Debug|Any CPU
		{9F483242-A1B2-4BD7-8FA7-092AE48DDA8C}.Debug|Any CPU.Build.0 = Debug|Any CPU
		{9F483242-A1B2-4BD7-8FA7-092AE48DDA8C}.Release|Any CPU.ActiveCfg = Release|Any CPU
		{9F483242-A1B2-4BD7-8FA7-092AE48DDA8C}.Release|Any CPU.Build.0 = Release|Any CPU
		{136817E9-5F6A-4B43-B752-343CED212F4D}.Debug|Any CPU.ActiveCfg = Debug|Any CPU
		{136817E9-5F6A-4B43-B752-343CED212F4D}.Debug|Any CPU.Build.0 = Debug|Any CPU
		{136817E9-5F6A-4B43-B752-343CED212F4D}.Release|Any CPU.ActiveCfg = Release|Any CPU
		{136817E9-5F6A-4B43-B752-343CED212F4D}.Release|Any CPU.Build.0 = Release|Any CPU
		{AABC2BA5-C69E-4C25-ACD0-8BDE5EAEC275}.Debug|Any CPU.ActiveCfg = Debug|Any CPU
		{AABC2BA5-C69E-4C25-ACD0-8BDE5EAEC275}.Debug|Any CPU.Build.0 = Debug|Any CPU
		{AABC2BA5-C69E-4C25-ACD0-8BDE5EAEC275}.Release|Any CPU.ActiveCfg = Release|Any CPU
		{AABC2BA5-C69E-4C25-ACD0-8BDE5EAEC275}.Release|Any CPU.Build.0 = Release|Any CPU
		{FB0D2B76-322B-4260-ACAD-054BA8F2AC16}.Debug|Any CPU.ActiveCfg = Debug|Any CPU
		{FB0D2B76-322B-4260-ACAD-054BA8F2AC16}.Debug|Any CPU.Build.0 = Debug|Any CPU
		{FB0D2B76-322B-4260-ACAD-054BA8F2AC16}.Release|Any CPU.ActiveCfg = Release|Any CPU
		{FB0D2B76-322B-4260-ACAD-054BA8F2AC16}.Release|Any CPU.Build.0 = Release|Any CPU
		{50C88F48-4755-4004-9C7D-5B2757791B0F}.Debug|Any CPU.ActiveCfg = Debug|Any CPU
		{50C88F48-4755-4004-9C7D-5B2757791B0F}.Debug|Any CPU.Build.0 = Debug|Any CPU
		{50C88F48-4755-4004-9C7D-5B2757791B0F}.Release|Any CPU.ActiveCfg = Release|Any CPU
		{50C88F48-4755-4004-9C7D-5B2757791B0F}.Release|Any CPU.Build.0 = Release|Any CPU
		{C175EAF3-14C0-457B-B038-7637DF1BF2B2}.Debug|Any CPU.ActiveCfg = Debug|Any CPU
		{C175EAF3-14C0-457B-B038-7637DF1BF2B2}.Debug|Any CPU.Build.0 = Debug|Any CPU
		{C175EAF3-14C0-457B-B038-7637DF1BF2B2}.Release|Any CPU.ActiveCfg = Release|Any CPU
		{C175EAF3-14C0-457B-B038-7637DF1BF2B2}.Release|Any CPU.Build.0 = Release|Any CPU
		{0526566A-641E-44A7-B45A-9971DEA0403F}.Debug|Any CPU.ActiveCfg = Debug|Any CPU
		{0526566A-641E-44A7-B45A-9971DEA0403F}.Debug|Any CPU.Build.0 = Debug|Any CPU
		{0526566A-641E-44A7-B45A-9971DEA0403F}.Release|Any CPU.ActiveCfg = Release|Any CPU
		{0526566A-641E-44A7-B45A-9971DEA0403F}.Release|Any CPU.Build.0 = Release|Any CPU
		{888F1196-2F51-45EB-89C6-4BFDCCBB2C94}.Debug|Any CPU.ActiveCfg = Debug|Any CPU
		{888F1196-2F51-45EB-89C6-4BFDCCBB2C94}.Debug|Any CPU.Build.0 = Debug|Any CPU
		{888F1196-2F51-45EB-89C6-4BFDCCBB2C94}.Release|Any CPU.ActiveCfg = Release|Any CPU
		{888F1196-2F51-45EB-89C6-4BFDCCBB2C94}.Release|Any CPU.Build.0 = Release|Any CPU
		{153E00A6-46EB-4175-8C87-6E2DF36B36F8}.Debug|Any CPU.ActiveCfg = Debug|Any CPU
		{153E00A6-46EB-4175-8C87-6E2DF36B36F8}.Debug|Any CPU.Build.0 = Debug|Any CPU
		{153E00A6-46EB-4175-8C87-6E2DF36B36F8}.Release|Any CPU.ActiveCfg = Release|Any CPU
		{153E00A6-46EB-4175-8C87-6E2DF36B36F8}.Release|Any CPU.Build.0 = Release|Any CPU
		{1B0CC895-3261-443E-9C76-256DF43713BB}.Debug|Any CPU.ActiveCfg = Debug|Any CPU
		{1B0CC895-3261-443E-9C76-256DF43713BB}.Debug|Any CPU.Build.0 = Debug|Any CPU
		{1B0CC895-3261-443E-9C76-256DF43713BB}.Release|Any CPU.ActiveCfg = Release|Any CPU
		{1B0CC895-3261-443E-9C76-256DF43713BB}.Release|Any CPU.Build.0 = Release|Any CPU
		{9346474F-3E20-4BAB-95C0-2BAB4135C584}.Debug|Any CPU.ActiveCfg = Debug|Any CPU
		{9346474F-3E20-4BAB-95C0-2BAB4135C584}.Debug|Any CPU.Build.0 = Debug|Any CPU
		{9346474F-3E20-4BAB-95C0-2BAB4135C584}.Release|Any CPU.ActiveCfg = Release|Any CPU
		{9346474F-3E20-4BAB-95C0-2BAB4135C584}.Release|Any CPU.Build.0 = Release|Any CPU
		{1B8AACD4-DC46-4AB2-86FD-B97FDD8C0B12}.Debug|Any CPU.ActiveCfg = Debug|Any CPU
		{1B8AACD4-DC46-4AB2-86FD-B97FDD8C0B12}.Debug|Any CPU.Build.0 = Debug|Any CPU
		{1B8AACD4-DC46-4AB2-86FD-B97FDD8C0B12}.Release|Any CPU.ActiveCfg = Release|Any CPU
		{1B8AACD4-DC46-4AB2-86FD-B97FDD8C0B12}.Release|Any CPU.Build.0 = Release|Any CPU
		{447BF218-7E05-4DF0-B8B2-B1B4468DB3E8}.Debug|Any CPU.ActiveCfg = Debug|Any CPU
		{447BF218-7E05-4DF0-B8B2-B1B4468DB3E8}.Debug|Any CPU.Build.0 = Debug|Any CPU
		{447BF218-7E05-4DF0-B8B2-B1B4468DB3E8}.Release|Any CPU.ActiveCfg = Release|Any CPU
		{447BF218-7E05-4DF0-B8B2-B1B4468DB3E8}.Release|Any CPU.Build.0 = Release|Any CPU
		{E8767168-AD6B-4D63-AFEB-9CA12E3E0D14}.Debug|Any CPU.ActiveCfg = Debug|Any CPU
		{E8767168-AD6B-4D63-AFEB-9CA12E3E0D14}.Debug|Any CPU.Build.0 = Debug|Any CPU
		{E8767168-AD6B-4D63-AFEB-9CA12E3E0D14}.Release|Any CPU.ActiveCfg = Release|Any CPU
		{E8767168-AD6B-4D63-AFEB-9CA12E3E0D14}.Release|Any CPU.Build.0 = Release|Any CPU
		{C5E3A6B0-0DF6-4A4F-8929-41716C8E7F16}.Debug|Any CPU.ActiveCfg = Debug|Any CPU
		{C5E3A6B0-0DF6-4A4F-8929-41716C8E7F16}.Debug|Any CPU.Build.0 = Debug|Any CPU
		{C5E3A6B0-0DF6-4A4F-8929-41716C8E7F16}.Release|Any CPU.ActiveCfg = Release|Any CPU
		{C5E3A6B0-0DF6-4A4F-8929-41716C8E7F16}.Release|Any CPU.Build.0 = Release|Any CPU
		{21F09CCA-55E3-45AC-BBE6-CC2A9B0EE7A2}.Debug|Any CPU.ActiveCfg = Debug|Any CPU
		{21F09CCA-55E3-45AC-BBE6-CC2A9B0EE7A2}.Debug|Any CPU.Build.0 = Debug|Any CPU
		{21F09CCA-55E3-45AC-BBE6-CC2A9B0EE7A2}.Release|Any CPU.ActiveCfg = Release|Any CPU
		{21F09CCA-55E3-45AC-BBE6-CC2A9B0EE7A2}.Release|Any CPU.Build.0 = Release|Any CPU
		{CE2F43E0-C836-4DEB-91D4-0C27583FA27E}.Debug|Any CPU.ActiveCfg = Debug|Any CPU
		{CE2F43E0-C836-4DEB-91D4-0C27583FA27E}.Debug|Any CPU.Build.0 = Debug|Any CPU
		{CE2F43E0-C836-4DEB-91D4-0C27583FA27E}.Release|Any CPU.ActiveCfg = Release|Any CPU
		{CE2F43E0-C836-4DEB-91D4-0C27583FA27E}.Release|Any CPU.Build.0 = Release|Any CPU
		{88A0CA7E-6D39-400B-864B-BF586400F0D1}.Debug|Any CPU.ActiveCfg = Debug|Any CPU
		{88A0CA7E-6D39-400B-864B-BF586400F0D1}.Debug|Any CPU.Build.0 = Debug|Any CPU
		{88A0CA7E-6D39-400B-864B-BF586400F0D1}.Release|Any CPU.ActiveCfg = Release|Any CPU
		{88A0CA7E-6D39-400B-864B-BF586400F0D1}.Release|Any CPU.Build.0 = Release|Any CPU
		{34A8F1C6-1D8A-4A5A-A100-94D99725F2FB}.Debug|Any CPU.ActiveCfg = Debug|Any CPU
		{34A8F1C6-1D8A-4A5A-A100-94D99725F2FB}.Debug|Any CPU.Build.0 = Debug|Any CPU
		{34A8F1C6-1D8A-4A5A-A100-94D99725F2FB}.Release|Any CPU.ActiveCfg = Release|Any CPU
		{34A8F1C6-1D8A-4A5A-A100-94D99725F2FB}.Release|Any CPU.Build.0 = Release|Any CPU
		{9044B0BC-FF40-4E1F-AF33-1C5CA0F61AF7}.Debug|Any CPU.ActiveCfg = Debug|Any CPU
		{9044B0BC-FF40-4E1F-AF33-1C5CA0F61AF7}.Debug|Any CPU.Build.0 = Debug|Any CPU
		{9044B0BC-FF40-4E1F-AF33-1C5CA0F61AF7}.Release|Any CPU.ActiveCfg = Release|Any CPU
		{9044B0BC-FF40-4E1F-AF33-1C5CA0F61AF7}.Release|Any CPU.Build.0 = Release|Any CPU
		{C9EC8857-72D3-4190-A424-BAAFD9B98C9E}.Debug|Any CPU.ActiveCfg = Debug|Any CPU
		{C9EC8857-72D3-4190-A424-BAAFD9B98C9E}.Debug|Any CPU.Build.0 = Debug|Any CPU
		{C9EC8857-72D3-4190-A424-BAAFD9B98C9E}.Release|Any CPU.ActiveCfg = Release|Any CPU
		{C9EC8857-72D3-4190-A424-BAAFD9B98C9E}.Release|Any CPU.Build.0 = Release|Any CPU
		{BD2919EB-45ED-44DE-86F4-15BCC636EB04}.Debug|Any CPU.ActiveCfg = Debug|Any CPU
		{BD2919EB-45ED-44DE-86F4-15BCC636EB04}.Debug|Any CPU.Build.0 = Debug|Any CPU
		{BD2919EB-45ED-44DE-86F4-15BCC636EB04}.Release|Any CPU.ActiveCfg = Release|Any CPU
		{BD2919EB-45ED-44DE-86F4-15BCC636EB04}.Release|Any CPU.Build.0 = Release|Any CPU
		{3CB4FF02-57F5-4814-B703-49F4AD8F8EB4}.Debug|Any CPU.ActiveCfg = Debug|Any CPU
		{3CB4FF02-57F5-4814-B703-49F4AD8F8EB4}.Debug|Any CPU.Build.0 = Debug|Any CPU
		{3CB4FF02-57F5-4814-B703-49F4AD8F8EB4}.Release|Any CPU.ActiveCfg = Release|Any CPU
		{3CB4FF02-57F5-4814-B703-49F4AD8F8EB4}.Release|Any CPU.Build.0 = Release|Any CPU
		{A1746D25-6C2E-43CC-84C5-99566EC3A6A2}.Debug|Any CPU.ActiveCfg = Debug|Any CPU
		{A1746D25-6C2E-43CC-84C5-99566EC3A6A2}.Debug|Any CPU.Build.0 = Debug|Any CPU
		{A1746D25-6C2E-43CC-84C5-99566EC3A6A2}.Release|Any CPU.ActiveCfg = Release|Any CPU
		{A1746D25-6C2E-43CC-84C5-99566EC3A6A2}.Release|Any CPU.Build.0 = Release|Any CPU
		{3F782CC7-ECEA-4711-9431-1C7637CF9952}.Debug|Any CPU.ActiveCfg = Debug|Any CPU
		{3F782CC7-ECEA-4711-9431-1C7637CF9952}.Debug|Any CPU.Build.0 = Debug|Any CPU
		{3F782CC7-ECEA-4711-9431-1C7637CF9952}.Release|Any CPU.ActiveCfg = Release|Any CPU
		{3F782CC7-ECEA-4711-9431-1C7637CF9952}.Release|Any CPU.Build.0 = Release|Any CPU
		{76CD8F45-FCDD-42D6-ADE8-F03A86FD16D3}.Debug|Any CPU.ActiveCfg = Debug|Any CPU
		{76CD8F45-FCDD-42D6-ADE8-F03A86FD16D3}.Debug|Any CPU.Build.0 = Debug|Any CPU
		{76CD8F45-FCDD-42D6-ADE8-F03A86FD16D3}.Release|Any CPU.ActiveCfg = Release|Any CPU
		{76CD8F45-FCDD-42D6-ADE8-F03A86FD16D3}.Release|Any CPU.Build.0 = Release|Any CPU
		{A05DF2E8-C090-4E3D-B8E2-9133A672A901}.Debug|Any CPU.ActiveCfg = Debug|Any CPU
		{A05DF2E8-C090-4E3D-B8E2-9133A672A901}.Debug|Any CPU.Build.0 = Debug|Any CPU
		{A05DF2E8-C090-4E3D-B8E2-9133A672A901}.Release|Any CPU.ActiveCfg = Release|Any CPU
		{A05DF2E8-C090-4E3D-B8E2-9133A672A901}.Release|Any CPU.Build.0 = Release|Any CPU
		{985F6AEA-0805-4E81-A9B4-B9B506E25012}.Debug|Any CPU.ActiveCfg = Debug|Any CPU
		{985F6AEA-0805-4E81-A9B4-B9B506E25012}.Debug|Any CPU.Build.0 = Debug|Any CPU
		{985F6AEA-0805-4E81-A9B4-B9B506E25012}.Release|Any CPU.ActiveCfg = Release|Any CPU
		{985F6AEA-0805-4E81-A9B4-B9B506E25012}.Release|Any CPU.Build.0 = Release|Any CPU
		{42719252-2DC0-4B42-9415-FCB3B7DE29C3}.Debug|Any CPU.ActiveCfg = Debug|Any CPU
		{42719252-2DC0-4B42-9415-FCB3B7DE29C3}.Debug|Any CPU.Build.0 = Debug|Any CPU
		{42719252-2DC0-4B42-9415-FCB3B7DE29C3}.Release|Any CPU.ActiveCfg = Release|Any CPU
		{42719252-2DC0-4B42-9415-FCB3B7DE29C3}.Release|Any CPU.Build.0 = Release|Any CPU
		{C6F4455B-6FE7-4319-8D00-AA277308A10F}.Debug|Any CPU.ActiveCfg = Debug|Any CPU
		{C6F4455B-6FE7-4319-8D00-AA277308A10F}.Debug|Any CPU.Build.0 = Debug|Any CPU
		{C6F4455B-6FE7-4319-8D00-AA277308A10F}.Release|Any CPU.ActiveCfg = Release|Any CPU
		{C6F4455B-6FE7-4319-8D00-AA277308A10F}.Release|Any CPU.Build.0 = Release|Any CPU
		{9C848BE4-AF2D-4D9C-B8DA-5C3F72203D97}.Debug|Any CPU.ActiveCfg = Debug|Any CPU
		{9C848BE4-AF2D-4D9C-B8DA-5C3F72203D97}.Debug|Any CPU.Build.0 = Debug|Any CPU
		{9C848BE4-AF2D-4D9C-B8DA-5C3F72203D97}.Release|Any CPU.ActiveCfg = Release|Any CPU
		{9C848BE4-AF2D-4D9C-B8DA-5C3F72203D97}.Release|Any CPU.Build.0 = Release|Any CPU
		{CE5C47CA-7DFD-419A-8CCD-CA3A42CD8D2F}.Debug|Any CPU.ActiveCfg = Debug|Any CPU
		{CE5C47CA-7DFD-419A-8CCD-CA3A42CD8D2F}.Debug|Any CPU.Build.0 = Debug|Any CPU
		{CE5C47CA-7DFD-419A-8CCD-CA3A42CD8D2F}.Release|Any CPU.ActiveCfg = Release|Any CPU
		{CE5C47CA-7DFD-419A-8CCD-CA3A42CD8D2F}.Release|Any CPU.Build.0 = Release|Any CPU
		{3BA83FCD-36CA-4BFA-82C4-D1B9A2FC611F}.Debug|Any CPU.ActiveCfg = Debug|Any CPU
		{3BA83FCD-36CA-4BFA-82C4-D1B9A2FC611F}.Debug|Any CPU.Build.0 = Debug|Any CPU
		{3BA83FCD-36CA-4BFA-82C4-D1B9A2FC611F}.Release|Any CPU.ActiveCfg = Release|Any CPU
		{3BA83FCD-36CA-4BFA-82C4-D1B9A2FC611F}.Release|Any CPU.Build.0 = Release|Any CPU
		{639D7F5A-752B-4529-B443-884BA409E678}.Debug|Any CPU.ActiveCfg = Debug|Any CPU
		{639D7F5A-752B-4529-B443-884BA409E678}.Debug|Any CPU.Build.0 = Debug|Any CPU
		{639D7F5A-752B-4529-B443-884BA409E678}.Release|Any CPU.ActiveCfg = Release|Any CPU
		{639D7F5A-752B-4529-B443-884BA409E678}.Release|Any CPU.Build.0 = Release|Any CPU
		{429A70FB-1D03-4A6E-91CE-1179DF8661A4}.Debug|Any CPU.ActiveCfg = Debug|Any CPU
		{429A70FB-1D03-4A6E-91CE-1179DF8661A4}.Debug|Any CPU.Build.0 = Debug|Any CPU
		{429A70FB-1D03-4A6E-91CE-1179DF8661A4}.Release|Any CPU.ActiveCfg = Release|Any CPU
		{429A70FB-1D03-4A6E-91CE-1179DF8661A4}.Release|Any CPU.Build.0 = Release|Any CPU
		{89BAFCC9-CCAD-4C66-9498-5CE002B59661}.Debug|Any CPU.ActiveCfg = Debug|Any CPU
		{89BAFCC9-CCAD-4C66-9498-5CE002B59661}.Debug|Any CPU.Build.0 = Debug|Any CPU
		{89BAFCC9-CCAD-4C66-9498-5CE002B59661}.Release|Any CPU.ActiveCfg = Release|Any CPU
		{89BAFCC9-CCAD-4C66-9498-5CE002B59661}.Release|Any CPU.Build.0 = Release|Any CPU
		{784D9421-8433-46EC-BC8A-8D5EB0B58CFA}.Debug|Any CPU.ActiveCfg = Debug|Any CPU
		{784D9421-8433-46EC-BC8A-8D5EB0B58CFA}.Debug|Any CPU.Build.0 = Debug|Any CPU
		{784D9421-8433-46EC-BC8A-8D5EB0B58CFA}.Release|Any CPU.ActiveCfg = Release|Any CPU
		{784D9421-8433-46EC-BC8A-8D5EB0B58CFA}.Release|Any CPU.Build.0 = Release|Any CPU
		{F0B7AA9B-C350-421A-AB70-5AFCBE5D7946}.Debug|Any CPU.ActiveCfg = Debug|Any CPU
		{F0B7AA9B-C350-421A-AB70-5AFCBE5D7946}.Debug|Any CPU.Build.0 = Debug|Any CPU
		{F0B7AA9B-C350-421A-AB70-5AFCBE5D7946}.Release|Any CPU.ActiveCfg = Release|Any CPU
		{F0B7AA9B-C350-421A-AB70-5AFCBE5D7946}.Release|Any CPU.Build.0 = Release|Any CPU
		{C1E9F91B-8C97-4A99-BB9A-748B0EA604F5}.Debug|Any CPU.ActiveCfg = Debug|Any CPU
		{C1E9F91B-8C97-4A99-BB9A-748B0EA604F5}.Debug|Any CPU.Build.0 = Debug|Any CPU
		{C1E9F91B-8C97-4A99-BB9A-748B0EA604F5}.Release|Any CPU.ActiveCfg = Release|Any CPU
		{C1E9F91B-8C97-4A99-BB9A-748B0EA604F5}.Release|Any CPU.Build.0 = Release|Any CPU
		{77DAAF8F-C9DF-4DAA-9F91-0EA47D4A19D1}.Debug|Any CPU.ActiveCfg = Debug|Any CPU
		{77DAAF8F-C9DF-4DAA-9F91-0EA47D4A19D1}.Debug|Any CPU.Build.0 = Debug|Any CPU
		{77DAAF8F-C9DF-4DAA-9F91-0EA47D4A19D1}.Release|Any CPU.ActiveCfg = Release|Any CPU
		{77DAAF8F-C9DF-4DAA-9F91-0EA47D4A19D1}.Release|Any CPU.Build.0 = Release|Any CPU
		{6BEF86A5-E927-42CF-BDB0-8CF09F51977A}.Debug|Any CPU.ActiveCfg = Debug|Any CPU
		{6BEF86A5-E927-42CF-BDB0-8CF09F51977A}.Debug|Any CPU.Build.0 = Debug|Any CPU
		{6BEF86A5-E927-42CF-BDB0-8CF09F51977A}.Release|Any CPU.ActiveCfg = Release|Any CPU
		{6BEF86A5-E927-42CF-BDB0-8CF09F51977A}.Release|Any CPU.Build.0 = Release|Any CPU
		{EC97BE50-7393-4389-9E71-E8456F7CB3E8}.Debug|Any CPU.ActiveCfg = Debug|Any CPU
		{EC97BE50-7393-4389-9E71-E8456F7CB3E8}.Debug|Any CPU.Build.0 = Debug|Any CPU
		{EC97BE50-7393-4389-9E71-E8456F7CB3E8}.Release|Any CPU.ActiveCfg = Release|Any CPU
		{EC97BE50-7393-4389-9E71-E8456F7CB3E8}.Release|Any CPU.Build.0 = Release|Any CPU
		{66F54230-4BC1-4C66-AB41-3D336432C3E2}.Debug|Any CPU.ActiveCfg = Debug|Any CPU
		{66F54230-4BC1-4C66-AB41-3D336432C3E2}.Debug|Any CPU.Build.0 = Debug|Any CPU
		{66F54230-4BC1-4C66-AB41-3D336432C3E2}.Release|Any CPU.ActiveCfg = Release|Any CPU
		{66F54230-4BC1-4C66-AB41-3D336432C3E2}.Release|Any CPU.Build.0 = Release|Any CPU
		{D654C27E-B84D-46AA-A2D4-7892B800531F}.Debug|Any CPU.ActiveCfg = Debug|Any CPU
		{D654C27E-B84D-46AA-A2D4-7892B800531F}.Debug|Any CPU.Build.0 = Debug|Any CPU
		{D654C27E-B84D-46AA-A2D4-7892B800531F}.Release|Any CPU.ActiveCfg = Release|Any CPU
		{D654C27E-B84D-46AA-A2D4-7892B800531F}.Release|Any CPU.Build.0 = Release|Any CPU
		{D5DF2A7A-500B-4C8A-B968-68770457E3DC}.Debug|Any CPU.ActiveCfg = Debug|Any CPU
		{D5DF2A7A-500B-4C8A-B968-68770457E3DC}.Debug|Any CPU.Build.0 = Debug|Any CPU
		{D5DF2A7A-500B-4C8A-B968-68770457E3DC}.Release|Any CPU.ActiveCfg = Release|Any CPU
		{D5DF2A7A-500B-4C8A-B968-68770457E3DC}.Release|Any CPU.Build.0 = Release|Any CPU
		{67E9D0F2-FF3E-410C-BAF9-46982F9B4C21}.Debug|Any CPU.ActiveCfg = Debug|Any CPU
		{67E9D0F2-FF3E-410C-BAF9-46982F9B4C21}.Debug|Any CPU.Build.0 = Debug|Any CPU
		{67E9D0F2-FF3E-410C-BAF9-46982F9B4C21}.Release|Any CPU.ActiveCfg = Release|Any CPU
		{67E9D0F2-FF3E-410C-BAF9-46982F9B4C21}.Release|Any CPU.Build.0 = Release|Any CPU
	EndGlobalSection
	GlobalSection(SolutionProperties) = preSolution
		HideSolutionNode = FALSE
	EndGlobalSection
	GlobalSection(ExtensibilityGlobals) = postSolution
		SolutionGuid = {7B388590-14EA-40CB-BDA7-B1E578EF1A98}
	EndGlobalSection
EndGlobal
